
Microsoft Visual Studio Solution File, Format Version 12.00
# Visual Studio Version 17
VisualStudioVersion = 17.9.34622.214
MinimumVisualStudioVersion = 10.0.40219.1
Project("{FAE04EC0-301F-11D3-BF4B-00C04F79EFBC}") = "BlazorSignalRApp", "BlazorSignalRApp\BlazorSignalRApp.csproj", "{200AF4B6-1DE8-47BD-B5A0-C0C168F314C1}"
EndProject
Global
	GlobalSection(SolutionConfigurationPlatforms) = preSolution
		Debug|Any CPU = Debug|Any CPU
		Release|Any CPU = Release|Any CPU
	EndGlobalSection
	GlobalSection(ProjectConfigurationPlatforms) = postSolution
		{200AF4B6-1DE8-47BD-B5A0-C0C168F314C1}.Debug|Any CPU.ActiveCfg = Debug|Any CPU
		{200AF4B6-1DE8-47BD-B5A0-C0C168F314C1}.Debug|Any CPU.Build.0 = Debug|Any CPU
		{200AF4B6-1DE8-47BD-B5A0-C0C168F314C1}.Release|Any CPU.ActiveCfg = Release|Any CPU
		{200AF4B6-1DE8-47BD-B5A0-C0C168F314C1}.Release|Any CPU.Build.0 = Release|Any CPU
	EndGlobalSection
	GlobalSection(SolutionProperties) = preSolution
		HideSolutionNode = FALSE
	EndGlobalSection
	GlobalSection(ExtensibilityGlobals) = postSolution
		SolutionGuid = {E5AF5FDD-850C-4A4C-BFF4-C04B632DDCAF}
	EndGlobalSection
EndGlobal
